{
  "name": "import-doc",
  "version": "0.0.4",
  "lockfileVersion": 1,
  "requires": true,
  "dependencies": {
    "@stencil/core": {
      "version": "1.7.5",
      "resolved": "https://registry.npmjs.org/@stencil/core/-/core-1.7.5.tgz",
      "integrity": "sha512-VlXKeN/FAqwaZ5yVWOZB+3biwL6TBZHEN8iWJIHnM7AskKCBDSSHXktPjBOCAuO2/kB82je712GrIpqRnMJGHA==",
      "dev": true,
      "requires": {
        "typescript": "3.6.3"
      }
    },
    "typescript": {
      "version": "3.6.3",
      "resolved": "https://registry.npmjs.org/typescript/-/typescript-3.6.3.tgz",
      "integrity": "sha512-N7bceJL1CtRQ2RiG0AQME13ksR7DiuQh/QehubYcghzv20tnh+MQnQIuJddTmsbqYj+dztchykemz0zFzlvdQw==",
      "dev": true
    }
  }
}
